
Microsoft Visual Studio Solution File, Format Version 12.00
# Visual Studio Version 17
VisualStudioVersion = 17.14.36414.22 d17.14
MinimumVisualStudioVersion = 10.0.40219.1
Project("{FAE04EC0-301F-11D3-BF4B-00C04F79EFBC}") = "CDonVM", "CDonVM\CDonVM.csproj", "{0414634D-91EC-4900-961D-8FABFB616CE3}"
EndProject
Global
	GlobalSection(SolutionConfigurationPlatforms) = preSolution
		Debug|Any CPU = Debug|Any CPU
		Release|Any CPU = Release|Any CPU
	EndGlobalSection
	GlobalSection(ProjectConfigurationPlatforms) = postSolution
		{0414634D-91EC-4900-961D-8FABFB616CE3}.Debug|Any CPU.ActiveCfg = Debug|Any CPU
		{0414634D-91EC-4900-961D-8FABFB616CE3}.Debug|Any CPU.Build.0 = Debug|Any CPU
		{0414634D-91EC-4900-961D-8FABFB616CE3}.Release|Any CPU.ActiveCfg = Release|Any CPU
		{0414634D-91EC-4900-961D-8FABFB616CE3}.Release|Any CPU.Build.0 = Release|Any CPU
	EndGlobalSection
	GlobalSection(SolutionProperties) = preSolution
		HideSolutionNode = FALSE
	EndGlobalSection
	GlobalSection(ExtensibilityGlobals) = postSolution
		SolutionGuid = {B3701CBD-54E3-46C5-BEF9-A2AA937D4DED}
	EndGlobalSection
EndGlobal
